
Microsoft Visual Studio Solution File, Format Version 12.00
# Visual Studio Version 17
VisualStudioVersion = 17.8.34525.116
MinimumVisualStudioVersion = 10.0.40219.1
Project("{FAE04EC0-301F-11D3-BF4B-00C04F79EFBC}") = "HabitTracker.test", "HabitTracker.test\HabitTracker.test.csproj", "{C77BF261-4238-4A9B-BC0B-FC8F132A9271}"
EndProject
Global
	GlobalSection(SolutionConfigurationPlatforms) = preSolution
		Debug|Any CPU = Debug|Any CPU
		Release|Any CPU = Release|Any CPU
	EndGlobalSection
	GlobalSection(ProjectConfigurationPlatforms) = postSolution
		{C77BF261-4238-4A9B-BC0B-FC8F132A9271}.Debug|Any CPU.ActiveCfg = Debug|Any CPU
		{C77BF261-4238-4A9B-BC0B-FC8F132A9271}.Debug|Any CPU.Build.0 = Debug|Any CPU
		{C77BF261-4238-4A9B-BC0B-FC8F132A9271}.Release|Any CPU.ActiveCfg = Release|Any CPU
		{C77BF261-4238-4A9B-BC0B-FC8F132A9271}.Release|Any CPU.Build.0 = Release|Any CPU
	EndGlobalSection
	GlobalSection(SolutionProperties) = preSolution
		HideSolutionNode = FALSE
	EndGlobalSection
	GlobalSection(ExtensibilityGlobals) = postSolution
		SolutionGuid = {5D82B287-8D71-4C0E-B98E-E65C65061553}
	EndGlobalSection
EndGlobal
